{
  "name": "akgacharesource",
  "version": "1.0.0",
  "lockfileVersion": 3,
  "requires": true,
  "packages": {
    "": {
      "name": "akgacharesource",
      "version": "1.0.0",
      "dependencies": {
        "pinyin-pro": "^3.29.4",
        "undici": "^8.11.2"
      }
    },
    "node_modules/pinyin-pro": {
      "version": "3.29.4",
      "resolved": "https://registry.npmjs.org/pinyin-pro/-/pinyin-pro-3.29.4.tgz",
      "integrity": "sha512-SPXpDT2cHEy+d26V1RXYMlVzXN42hotFAak1fzyWPi4o2dKXb61UqD4pzxDJHwk6gbv8vQ6EfErd+hYX0Qhzug==",
      "license": "MIT"
    },
    "node_modules/undici": {
      "version": "8.11.2",
      "resolved": "https://registry.npmjs.org/undici/-/undici-8.11.2.tgz",
      "integrity": "sha512-u4UB2/IrKdU6lFxumHmmo1a3fCQO5tzQllRorfoRS63txhrB7xTpSn1PftwC4qEHkOaqP95fCWW4lJzwErwzhQ==",
      "license": "MIT",
      "engines": {
        "node": ">=22.19.0"
      }
    }
  }
}
